{
  "name": "questao-5-1",
  "lockfileVersion": 3,
  "requires": true,
  "packages": {
    "": {
      "dependencies": {
        "next-connect": "^1.0.0"
      }
    },
    "node_modules/@tsconfig/node16": {
      "version": "1.0.4",
      "resolved": "https://registry.npmjs.org/@tsconfig/node16/-/node16-1.0.4.tgz",
      "integrity": "sha512-vxhUy4J8lyeyinH7Azl1pdd43GJhZH/tP2weN8TntQblOY+A0XbT8DJk1/oCPuOOyg/Ja757rG0CgHcWC8OfMA=="
    },
    "node_modules/next-connect": {
      "version": "1.0.0",
      "resolved": "https://registry.npmjs.org/next-connect/-/next-connect-1.0.0.tgz",
      "integrity": "sha512-FeLURm9MdvzY1SDUGE74tk66mukSqL6MAzxajW7Gqh6DZKBZLrXmXnGWtHJZXkfvoi+V/DUe9Hhtfkl4+nTlYA==",
      "dependencies": {
        "@tsconfig/node16": "^1.0.3",
        "regexparam": "^2.0.1"
      },
      "engines": {
        "node": ">=16"
      }
    },
    "node_modules/regexparam": {
      "version": "2.0.1",
      "resolved": "https://registry.npmjs.org/regexparam/-/regexparam-2.0.1.tgz",
      "integrity": "sha512-zRgSaYemnNYxUv+/5SeoHI0eJIgTL/A2pUtXUPLHQxUldagouJ9p+K6IbIZ/JiQuCEv2E2B1O11SjVQy3aMCkw==",
      "engines": {
        "node": ">=8"
      }
    }
  }
}
